// !$*UTF8*$!
{
	archiveVersion = 1;
	classes = {
	};
	objectVersion = 50;
	objects = {

/* Begin PBXBuildFile section */
		84148C0321F9F081003CD070 /* AppDelegate.swift in Sources */ = {isa = PBXBuildFile; fileRef = 84148C0221F9F081003CD070 /* AppDelegate.swift */; };
		84148C0A21F9F083003CD070 /* Assets.xcassets in Resources */ = {isa = PBXBuildFile; fileRef = 84148C0921F9F083003CD070 /* Assets.xcassets */; };
		84148C0D21F9F083003CD070 /* LaunchScreen.storyboard in Resources */ = {isa = PBXBuildFile; fileRef = 84148C0B21F9F083003CD070 /* LaunchScreen.storyboard */; };
		84148C1821F9F083003CD070 /* SoundCloudPlayerTests.swift in Sources */ = {isa = PBXBuildFile; fileRef = 84148C1721F9F083003CD070 /* SoundCloudPlayerTests.swift */; };
		84148C2321F9F083003CD070 /* SoundCloudPlayerUITests.swift in Sources */ = {isa = PBXBuildFile; fileRef = 84148C2221F9F083003CD070 /* SoundCloudPlayerUITests.swift */; };
		84148C3721F9FD73003CD070 /* TrackViewController.swift in Sources */ = {isa = PBXBuildFile; fileRef = 84148C3521F9FD73003CD070 /* TrackViewController.swift */; };
		84148C3821F9FD73003CD070 /* TrackViewController.xib in Resources */ = {isa = PBXBuildFile; fileRef = 84148C3621F9FD73003CD070 /* TrackViewController.xib */; };
		84148C3B21F9FDA5003CD070 /* SearchViewController.swift in Sources */ = {isa = PBXBuildFile; fileRef = 84148C3921F9FDA4003CD070 /* SearchViewController.swift */; };
		84148C3C21F9FDA5003CD070 /* SearchViewController.xib in Resources */ = {isa = PBXBuildFile; fileRef = 84148C3A21F9FDA5003CD070 /* SearchViewController.xib */; };
		84148C5121FB7707003CD070 /* BlockBasedSelector.m in Sources */ = {isa = PBXBuildFile; fileRef = 84148C5021FB7707003CD070 /* BlockBasedSelector.m */; };
		84148C5321FB7738003CD070 /* BlockBasedSelector.swift in Sources */ = {isa = PBXBuildFile; fileRef = 84148C5221FB7738003CD070 /* BlockBasedSelector.swift */; };
/* End PBXBuildFile section */

/* Begin PBXContainerItemProxy section */
		84148C1421F9F083003CD070 /* PBXContainerItemProxy */ = {
			isa = PBXContainerItemProxy;
			containerPortal = 84148BF721F9F081003CD070 /* Project object */;
			proxyType = 1;
			remoteGlobalIDString = 84148BFE21F9F081003CD070;
			remoteInfo = SoundCloudPlayer;
		};
		84148C1F21F9F083003CD070 /* PBXContainerItemProxy */ = {
			isa = PBXContainerItemProxy;
			containerPortal = 84148BF721F9F081003CD070 /* Project object */;
			proxyType = 1;
			remoteGlobalIDString = 84148BFE21F9F081003CD070;
			remoteInfo = SoundCloudPlayer;
		};
/* End PBXContainerItemProxy section */

/* Begin PBXFileReference section */
		84148BFF21F9F081003CD070 /* SoundCloudPlayer.app */ = {isa = PBXFileReference; explicitFileType = wrapper.application; includeInIndex = 0; path = SoundCloudPlayer.app; sourceTree = BUILT_PRODUCTS_DIR; };
		84148C0221F9F081003CD070 /* AppDelegate.swift */ = {isa = PBXFileReference; lastKnownFileType = sourcecode.swift; path = AppDelegate.swift; sourceTree = "<group>"; };
		84148C0921F9F083003CD070 /* Assets.xcassets */ = {isa = PBXFileReference; lastKnownFileType = folder.assetcatalog; path = Assets.xcassets; sourceTree = "<group>"; };
		84148C0C21F9F083003CD070 /* Base */ = {isa = PBXFileReference; lastKnownFileType = file.storyboard; name = Base; path = Base.lproj/LaunchScreen.storyboard; sourceTree = "<group>"; };
		84148C0E21F9F083003CD070 /* Info.plist */ = {isa = PBXFileReference; lastKnownFileType = text.plist.xml; path = Info.plist; sourceTree = "<group>"; };
		84148C1321F9F083003CD070 /* SoundCloudPlayerTests.xctest */ = {isa = PBXFileReference; explicitFileType = wrapper.cfbundle; includeInIndex = 0; path = SoundCloudPlayerTests.xctest; sourceTree = BUILT_PRODUCTS_DIR; };
		84148C1721F9F083003CD070 /* SoundCloudPlayerTests.swift */ = {isa = PBXFileReference; lastKnownFileType = sourcecode.swift; path = SoundCloudPlayerTests.swift; sourceTree = "<group>"; };
		84148C1921F9F083003CD070 /* Info.plist */ = {isa = PBXFileReference; lastKnownFileType = text.plist.xml; path = Info.plist; sourceTree = "<group>"; };
		84148C1E21F9F083003CD070 /* SoundCloudPlayerUITests.xctest */ = {isa = PBXFileReference; explicitFileType = wrapper.cfbundle; includeInIndex = 0; path = SoundCloudPlayerUITests.xctest; sourceTree = BUILT_PRODUCTS_DIR; };
		84148C2221F9F083003CD070 /* SoundCloudPlayerUITests.swift */ = {isa = PBXFileReference; lastKnownFileType = sourcecode.swift; path = SoundCloudPlayerUITests.swift; sourceTree = "<group>"; };
		84148C2421F9F083003CD070 /* Info.plist */ = {isa = PBXFileReference; lastKnownFileType = text.plist.xml; path = Info.plist; sourceTree = "<group>"; };
		84148C3521F9FD73003CD070 /* TrackViewController.swift */ = {isa = PBXFileReference; lastKnownFileType = sourcecode.swift; path = TrackViewController.swift; sourceTree = "<group>"; };
		84148C3621F9FD73003CD070 /* TrackViewController.xib */ = {isa = PBXFileReference; lastKnownFileType = file.xib; path = TrackViewController.xib; sourceTree = "<group>"; };
		84148C3921F9FDA4003CD070 /* SearchViewController.swift */ = {isa = PBXFileReference; lastKnownFileType = sourcecode.swift; path = SearchViewController.swift; sourceTree = "<group>"; };
		84148C3A21F9FDA5003CD070 /* SearchViewController.xib */ = {isa = PBXFileReference; lastKnownFileType = file.xib; path = SearchViewController.xib; sourceTree = "<group>"; };
		84148C4E21FB76DA003CD070 /* BlockBasedSelector.h */ = {isa = PBXFileReference; lastKnownFileType = sourcecode.c.h; path = BlockBasedSelector.h; sourceTree = "<group>"; };
		84148C5021FB7707003CD070 /* BlockBasedSelector.m */ = {isa = PBXFileReference; lastKnownFileType = sourcecode.c.objc; path = BlockBasedSelector.m; sourceTree = "<group>"; };
		84148C5221FB7738003CD070 /* BlockBasedSelector.swift */ = {isa = PBXFileReference; lastKnownFileType = sourcecode.swift; path = BlockBasedSelector.swift; sourceTree = "<group>"; };
		84148C5D21FB79B7003CD070 /* SoundCloudPlayer-Bridging-Header.h */ = {isa = PBXFileReference; lastKnownFileType = sourcecode.c.h; path = "SoundCloudPlayer-Bridging-Header.h"; sourceTree = "<group>"; };
/* End PBXFileReference section */

/* Begin PBXFrameworksBuildPhase section */
		84148BFC21F9F081003CD070 /* Frameworks */ = {
			isa = PBXFrameworksBuildPhase;
			buildActionMask = 2147483647;
			files = (
			);
			runOnlyForDeploymentPostprocessing = 0;
		};
		84148C1021F9F083003CD070 /* Frameworks */ = {
			isa = PBXFrameworksBuildPhase;
			buildActionMask = 2147483647;
			files = (
			);
			runOnlyForDeploymentPostprocessing = 0;
		};
		84148C1B21F9F083003CD070 /* Frameworks */ = {
			isa = PBXFrameworksBuildPhase;
			buildActionMask = 2147483647;
			files = (
			);
			runOnlyForDeploymentPostprocessing = 0;
		};
/* End PBXFrameworksBuildPhase section */

/* Begin PBXGroup section */
		84148BF621F9F081003CD070 = {
			isa = PBXGroup;
			children = (
				84148C0121F9F081003CD070 /* SoundCloudPlayer */,
				84148C1621F9F083003CD070 /* SoundCloudPlayerTests */,
				84148C2121F9F083003CD070 /* SoundCloudPlayerUITests */,
				84148C0021F9F081003CD070 /* Products */,
			);
			sourceTree = "<group>";
		};
		84148C0021F9F081003CD070 /* Products */ = {
			isa = PBXGroup;
			children = (
				84148BFF21F9F081003CD070 /* SoundCloudPlayer.app */,
				84148C1321F9F083003CD070 /* SoundCloudPlayerTests.xctest */,
				84148C1E21F9F083003CD070 /* SoundCloudPlayerUITests.xctest */,
			);
			name = Products;
			sourceTree = "<group>";
		};
		84148C0121F9F081003CD070 /* SoundCloudPlayer */ = {
			isa = PBXGroup;
			children = (
				84148C3121F9F848003CD070 /* Sources */,
				84148C3021F9F827003CD070 /* Resources */,
				84148C0E21F9F083003CD070 /* Info.plist */,
			);
			path = SoundCloudPlayer;
			sourceTree = "<group>";
		};
		84148C1621F9F083003CD070 /* SoundCloudPlayerTests */ = {
			isa = PBXGroup;
			children = (
				84148C1721F9F083003CD070 /* SoundCloudPlayerTests.swift */,
				84148C1921F9F083003CD070 /* Info.plist */,
			);
			path = SoundCloudPlayerTests;
			sourceTree = "<group>";
		};
		84148C2121F9F083003CD070 /* SoundCloudPlayerUITests */ = {
			isa = PBXGroup;
			children = (
				84148C2221F9F083003CD070 /* SoundCloudPlayerUITests.swift */,
				84148C2421F9F083003CD070 /* Info.plist */,
			);
			path = SoundCloudPlayerUITests;
			sourceTree = "<group>";
		};
		84148C3021F9F827003CD070 /* Resources */ = {
			isa = PBXGroup;
			children = (
				84148C0921F9F083003CD070 /* Assets.xcassets */,
				84148C0B21F9F083003CD070 /* LaunchScreen.storyboard */,
			);
			path = Resources;
			sourceTree = "<group>";
		};
		84148C3121F9F848003CD070 /* Sources */ = {
			isa = PBXGroup;
			children = (
				84148C4921FB68A8003CD070 /* Utilities */,
				84148C3221F9FD3E003CD070 /* Scenes */,
				84148C0221F9F081003CD070 /* AppDelegate.swift */,
				84148C5D21FB79B7003CD070 /* SoundCloudPlayer-Bridging-Header.h */,
			);
			path = Sources;
			sourceTree = "<group>";
		};
		84148C3221F9FD3E003CD070 /* Scenes */ = {
			isa = PBXGroup;
			children = (
				84148C3421F9FD54003CD070 /* Track */,
				84148C3321F9FD4E003CD070 /* Search */,
			);
			path = Scenes;
			sourceTree = "<group>";
		};
		84148C3321F9FD4E003CD070 /* Search */ = {
			isa = PBXGroup;
			children = (
				84148C3921F9FDA4003CD070 /* SearchViewController.swift */,
				84148C3A21F9FDA5003CD070 /* SearchViewController.xib */,
			);
			path = Search;
			sourceTree = "<group>";
		};
		84148C3421F9FD54003CD070 /* Track */ = {
			isa = PBXGroup;
			children = (
				84148C3521F9FD73003CD070 /* TrackViewController.swift */,
				84148C3621F9FD73003CD070 /* TrackViewController.xib */,
			);
			path = Track;
			sourceTree = "<group>";
		};
		84148C4921FB68A8003CD070 /* Utilities */ = {
			isa = PBXGroup;
			children = (
				84148C4D21FB76BF003CD070 /* BlockBasedSelector */,
			);
			path = Utilities;
			sourceTree = "<group>";
		};
		84148C4D21FB76BF003CD070 /* BlockBasedSelector */ = {
			isa = PBXGroup;
			children = (
				84148C4E21FB76DA003CD070 /* BlockBasedSelector.h */,
				84148C5021FB7707003CD070 /* BlockBasedSelector.m */,
				84148C5221FB7738003CD070 /* BlockBasedSelector.swift */,
			);
			path = BlockBasedSelector;
			sourceTree = "<group>";
		};
/* End PBXGroup section */

/* Begin PBXNativeTarget section */
		84148BFE21F9F081003CD070 /* SoundCloudPlayer */ = {
			isa = PBXNativeTarget;
			buildConfigurationList = 84148C2721F9F083003CD070 /* Build configuration list for PBXNativeTarget "SoundCloudPlayer" */;
			buildPhases = (
				84148BFB21F9F081003CD070 /* Sources */,
				84148BFC21F9F081003CD070 /* Frameworks */,
				84148BFD21F9F081003CD070 /* Resources */,
			);
			buildRules = (
			);
			dependencies = (
			);
			name = SoundCloudPlayer;
			productName = SoundCloudPlayer;
			productReference = 84148BFF21F9F081003CD070 /* SoundCloudPlayer.app */;
			productType = "com.apple.product-type.application";
		};
		84148C1221F9F083003CD070 /* SoundCloudPlayerTests */ = {
			isa = PBXNativeTarget;
			buildConfigurationList = 84148C2A21F9F083003CD070 /* Build configuration list for PBXNativeTarget "SoundCloudPlayerTests" */;
			buildPhases = (
				84148C0F21F9F083003CD070 /* Sources */,
				84148C1021F9F083003CD070 /* Frameworks */,
				84148C1121F9F083003CD070 /* Resources */,
			);
			buildRules = (
			);
			dependencies = (
				84148C1521F9F083003CD070 /* PBXTargetDependency */,
			);
			name = SoundCloudPlayerTests;
			productName = SoundCloudPlayerTests;
			productReference = 84148C1321F9F083003CD070 /* SoundCloudPlayerTests.xctest */;
			productType = "com.apple.product-type.bundle.unit-test";
		};
		84148C1D21F9F083003CD070 /* SoundCloudPlayerUITests */ = {
			isa = PBXNativeTarget;
			buildConfigurationList = 84148C2D21F9F083003CD070 /* Build configuration list for PBXNativeTarget "SoundCloudPlayerUITests" */;
			buildPhases = (
				84148C1A21F9F083003CD070 /* Sources */,
				84148C1B21F9F083003CD070 /* Frameworks */,
				84148C1C21F9F083003CD070 /* Resources */,
			);
			buildRules = (
			);
			dependencies = (
				84148C2021F9F083003CD070 /* PBXTargetDependency */,
			);
			name = SoundCloudPlayerUITests;
			productName = SoundCloudPlayerUITests;
			productReference = 84148C1E21F9F083003CD070 /* SoundCloudPlayerUITests.xctest */;
			productType = "com.apple.product-type.bundle.ui-testing";
		};
/* End PBXNativeTarget section */

/* Begin PBXProject section */
		84148BF721F9F081003CD070 /* Project object */ = {
			isa = PBXProject;
			attributes = {
				LastSwiftUpdateCheck = 1010;
				LastUpgradeCheck = 1010;
				ORGANIZATIONNAME = difomiry;
				TargetAttributes = {
					84148BFE21F9F081003CD070 = {
						CreatedOnToolsVersion = 10.1;
					};
					84148C1221F9F083003CD070 = {
						CreatedOnToolsVersion = 10.1;
						TestTargetID = 84148BFE21F9F081003CD070;
					};
					84148C1D21F9F083003CD070 = {
						CreatedOnToolsVersion = 10.1;
						TestTargetID = 84148BFE21F9F081003CD070;
					};
				};
			};
			buildConfigurationList = 84148BFA21F9F081003CD070 /* Build configuration list for PBXProject "SoundCloudPlayer" */;
			compatibilityVersion = "Xcode 9.3";
			developmentRegion = en;
			hasScannedForEncodings = 0;
			knownRegions = (
				en,
				Base,
			);
			mainGroup = 84148BF621F9F081003CD070;
			productRefGroup = 84148C0021F9F081003CD070 /* Products */;
			projectDirPath = "";
			projectRoot = "";
			targets = (
				84148BFE21F9F081003CD070 /* SoundCloudPlayer */,
				84148C1221F9F083003CD070 /* SoundCloudPlayerTests */,
				84148C1D21F9F083003CD070 /* SoundCloudPlayerUITests */,
			);
		};
/* End PBXProject section */

/* Begin PBXResourcesBuildPhase section */
		84148BFD21F9F081003CD070 /* Resources */ = {
			isa = PBXResourcesBuildPhase;
			buildActionMask = 2147483647;
			files = (
				84148C3821F9FD73003CD070 /* TrackViewController.xib in Resources */,
				84148C0D21F9F083003CD070 /* LaunchScreen.storyboard in Resources */,
				84148C0A21F9F083003CD070 /* Assets.xcassets in Resources */,
				84148C3C21F9FDA5003CD070 /* SearchViewController.xib in Resources */,
			);
			runOnlyForDeploymentPostprocessing = 0;
		};
		84148C1121F9F083003CD070 /* Resources */ = {
			isa = PBXResourcesBuildPhase;
			buildActionMask = 2147483647;
			files = (
			);
			runOnlyForDeploymentPostprocessing = 0;
		};
		84148C1C21F9F083003CD070 /* Resources */ = {
			isa = PBXResourcesBuildPhase;
			buildActionMask = 2147483647;
			files = (
			);
			runOnlyForDeploymentPostprocessing = 0;
		};
/* End PBXResourcesBuildPhase section */

/* Begin PBXSourcesBuildPhase section */
		84148BFB21F9F081003CD070 /* Sources */ = {
			isa = PBXSourcesBuildPhase;
			buildActionMask = 2147483647;
			files = (
				84148C5121FB7707003CD070 /* BlockBasedSelector.m in Sources */,
				84148C3721F9FD73003CD070 /* TrackViewController.swift in Sources */,
				84148C3B21F9FDA5003CD070 /* SearchViewController.swift in Sources */,
				84148C5321FB7738003CD070 /* BlockBasedSelector.swift in Sources */,
				84148C0321F9F081003CD070 /* AppDelegate.swift in Sources */,
			);
			runOnlyForDeploymentPostprocessing = 0;
		};
		84148C0F21F9F083003CD070 /* Sources */ = {
			isa = PBXSourcesBuildPhase;
			buildActionMask = 2147483647;
			files = (
				84148C1821F9F083003CD070 /* SoundCloudPlayerTests.swift in Sources */,
			);
			runOnlyForDeploymentPostprocessing = 0;
		};
		84148C1A21F9F083003CD070 /* Sources */ = {
			isa = PBXSourcesBuildPhase;
			buildActionMask = 2147483647;
			files = (
				84148C2321F9F083003CD070 /* SoundCloudPlayerUITests.swift in Sources */,
			);
			runOnlyForDeploymentPostprocessing = 0;
		};
/* End PBXSourcesBuildPhase section */

/* Begin PBXTargetDependency section */
		84148C1521F9F083003CD070 /* PBXTargetDependency */ = {
			isa = PBXTargetDependency;
			target = 84148BFE21F9F081003CD070 /* SoundCloudPlayer */;
			targetProxy = 84148C1421F9F083003CD070 /* PBXContainerItemProxy */;
		};
		84148C2021F9F083003CD070 /* PBXTargetDependency */ = {
			isa = PBXTargetDependency;
			target = 84148BFE21F9F081003CD070 /* SoundCloudPlayer */;
			targetProxy = 84148C1F21F9F083003CD070 /* PBXContainerItemProxy */;
		};
/* End PBXTargetDependency section */

/* Begin PBXVariantGroup section */
		84148C0B21F9F083003CD070 /* LaunchScreen.storyboard */ = {
			isa = PBXVariantGroup;
			children = (
				84148C0C21F9F083003CD070 /* Base */,
			);
			name = LaunchScreen.storyboard;
			sourceTree = "<group>";
		};
/* End PBXVariantGroup section */

/* Begin XCBuildConfiguration section */
		84148C2521F9F083003CD070 /* Debug */ = {
			isa = XCBuildConfiguration;
			buildSettings = {
				ALWAYS_SEARCH_USER_PATHS = NO;
				CLANG_ANALYZER_NONNULL = YES;
				CLANG_ANALYZER_NUMBER_OBJECT_CONVERSION = YES_AGGRESSIVE;
				CLANG_CXX_LANGUAGE_STANDARD = "gnu++14";
				CLANG_CXX_LIBRARY = "libc++";
				CLANG_ENABLE_MODULES = YES;
				CLANG_ENABLE_OBJC_ARC = YES;
				CLANG_ENABLE_OBJC_WEAK = YES;
				CLANG_WARN_BLOCK_CAPTURE_AUTORELEASING = YES;
				CLANG_WARN_BOOL_CONVERSION = YES;
				CLANG_WARN_COMMA = YES;
				CLANG_WARN_CONSTANT_CONVERSION = YES;
				CLANG_WARN_DEPRECATED_OBJC_IMPLEMENTATIONS = YES;
				CLANG_WARN_DIRECT_OBJC_ISA_USAGE = YES_ERROR;
				CLANG_WARN_DOCUMENTATION_COMMENTS = YES;
				CLANG_WARN_EMPTY_BODY = YES;
				CLANG_WARN_ENUM_CONVERSION = YES;
				CLANG_WARN_INFINITE_RECURSION = YES;
				CLANG_WARN_INT_CONVERSION = YES;
				CLANG_WARN_NON_LITERAL_NULL_CONVERSION = YES;
				CLANG_WARN_OBJC_IMPLICIT_RETAIN_SELF = YES;
				CLANG_WARN_OBJC_LITERAL_CONVERSION = YES;
				CLANG_WARN_OBJC_ROOT_CLASS = YES_ERROR;
				CLANG_WARN_RANGE_LOOP_ANALYSIS = YES;
				CLANG_WARN_STRICT_PROTOTYPES = YES;
				CLANG_WARN_SUSPICIOUS_MOVE = YES;
				CLANG_WARN_UNGUARDED_AVAILABILITY = YES_AGGRESSIVE;
				CLANG_WARN_UNREACHABLE_CODE = YES;
				CLANG_WARN__DUPLICATE_METHOD_MATCH = YES;
				CODE_SIGN_IDENTITY = "iPhone Developer";
				COPY_PHASE_STRIP = NO;
				DEBUG_INFORMATION_FORMAT = dwarf;
				ENABLE_STRICT_OBJC_MSGSEND = YES;
				ENABLE_TESTABILITY = YES;
				GCC_C_LANGUAGE_STANDARD = gnu11;
				GCC_DYNAMIC_NO_PIC = NO;
				GCC_NO_COMMON_BLOCKS = YES;
				GCC_OPTIMIZATION_LEVEL = 0;
				GCC_PREPROCESSOR_DEFINITIONS = (
					"DEBUG=1",
					"$(inherited)",
				);
				GCC_WARN_64_TO_32_BIT_CONVERSION = YES;
				GCC_WARN_ABOUT_RETURN_TYPE = YES_ERROR;
				GCC_WARN_UNDECLARED_SELECTOR = YES;
				GCC_WARN_UNINITIALIZED_AUTOS = YES_AGGRESSIVE;
				GCC_WARN_UNUSED_FUNCTION = YES;
				GCC_WARN_UNUSED_VARIABLE = YES;
				IPHONEOS_DEPLOYMENT_TARGET = 12.1;
				MTL_ENABLE_DEBUG_INFO = INCLUDE_SOURCE;
				MTL_FAST_MATH = YES;
				ONLY_ACTIVE_ARCH = YES;
				SDKROOT = iphoneos;
				SWIFT_ACTIVE_COMPILATION_CONDITIONS = DEBUG;
				SWIFT_OBJC_BRIDGING_HEADER = "SoundCloudPlayer/Sources/SoundCloudPlayer-Bridging-Header.h";
				SWIFT_OPTIMIZATION_LEVEL = "-Onone";
			};
			name = Debug;
		};
		84148C2621F9F083003CD070 /* Release */ = {
			isa = XCBuildConfiguration;
			buildSettings = {
				ALWAYS_SEARCH_USER_PATHS = NO;
				CLANG_ANALYZER_NONNULL = YES;
				CLANG_ANALYZER_NUMBER_OBJECT_CONVERSION = YES_AGGRESSIVE;
				CLANG_CXX_LANGUAGE_STANDARD = "gnu++14";
				CLANG_CXX_LIBRARY = "libc++";
				CLANG_ENABLE_MODULES = YES;
				CLANG_ENABLE_OBJC_ARC = YES;
				CLANG_ENABLE_OBJC_WEAK = YES;
				CLANG_WARN_BLOCK_CAPTURE_AUTORELEASING = YES;
				CLANG_WARN_BOOL_CONVERSION = YES;
				CLANG_WARN_COMMA = YES;
				CLANG_WARN_CONSTANT_CONVERSION = YES;
				CLANG_WARN_DEPRECATED_OBJC_IMPLEMENTATIONS = YES;
				CLANG_WARN_DIRECT_OBJC_ISA_USAGE = YES_ERROR;
				CLANG_WARN_DOCUMENTATION_COMMENTS = YES;
				CLANG_WARN_EMPTY_BODY = YES;
				CLANG_WARN_ENUM_CONVERSION = YES;
				CLANG_WARN_INFINITE_RECURSION = YES;
				CLANG_WARN_INT_CONVERSION = YES;
				CLANG_WARN_NON_LITERAL_NULL_CONVERSION = YES;
				CLANG_WARN_OBJC_IMPLICIT_RETAIN_SELF = YES;
				CLANG_WARN_OBJC_LITERAL_CONVERSION = YES;
				CLANG_WARN_OBJC_ROOT_CLASS = YES_ERROR;
				CLANG_WARN_RANGE_LOOP_ANALYSIS = YES;
				CLANG_WARN_STRICT_PROTOTYPES = YES;
				CLANG_WARN_SUSPICIOUS_MOVE = YES;
				CLANG_WARN_UNGUARDED_AVAILABILITY = YES_AGGRESSIVE;
				CLANG_WARN_UNREACHABLE_CODE = YES;
				CLANG_WARN__DUPLICATE_METHOD_MATCH = YES;
				CODE_SIGN_IDENTITY = "iPhone Developer";
				COPY_PHASE_STRIP = NO;
				DEBUG_INFORMATION_FORMAT = "dwarf-with-dsym";
				ENABLE_NS_ASSERTIONS = NO;
				ENABLE_STRICT_OBJC_MSGSEND = YES;
				GCC_C_LANGUAGE_STANDARD = gnu11;
				GCC_NO_COMMON_BLOCKS = YES;
				GCC_WARN_64_TO_32_BIT_CONVERSION = YES;
				GCC_WARN_ABOUT_RETURN_TYPE = YES_ERROR;
				GCC_WARN_UNDECLARED_SELECTOR = YES;
				GCC_WARN_UNINITIALIZED_AUTOS = YES_AGGRESSIVE;
				GCC_WARN_UNUSED_FUNCTION = YES;
				GCC_WARN_UNUSED_VARIABLE = YES;
				IPHONEOS_DEPLOYMENT_TARGET = 12.1;
				MTL_ENABLE_DEBUG_INFO = NO;
				MTL_FAST_MATH = YES;
				SDKROOT = iphoneos;
				SWIFT_COMPILATION_MODE = wholemodule;
				SWIFT_OBJC_BRIDGING_HEADER = "SoundCloudPlayer/Sources/SoundCloudPlayer-Bridging-Header.h";
				SWIFT_OPTIMIZATION_LEVEL = "-O";
				VALIDATE_PRODUCT = YES;
			};
			name = Release;
		};
		84148C2821F9F083003CD070 /* Debug */ = {
			isa = XCBuildConfiguration;
			buildSettings = {
				ASSETCATALOG_COMPILER_APPICON_NAME = AppIcon;
				CODE_SIGN_STYLE = Automatic;
				INFOPLIST_FILE = SoundCloudPlayer/Info.plist;
				LD_RUNPATH_SEARCH_PATHS = (
					"$(inherited)",
					"@executable_path/Frameworks",
				);
				PRODUCT_BUNDLE_IDENTIFIER = com.difomiry.SoundCloudPlayer;
				PRODUCT_NAME = "$(TARGET_NAME)";
				SWIFT_VERSION = 4.2;
				TARGETED_DEVICE_FAMILY = "1,2";
			};
			name = Debug;
		};
		84148C2921F9F083003CD070 /* Release */ = {
			isa = XCBuildConfiguration;
			buildSettings = {
				ASSETCATALOG_COMPILER_APPICON_NAME = AppIcon;
				CODE_SIGN_STYLE = Automatic;
				INFOPLIST_FILE = SoundCloudPlayer/Info.plist;
				LD_RUNPATH_SEARCH_PATHS = (
					"$(inherited)",
					"@executable_path/Frameworks",
				);
				PRODUCT_BUNDLE_IDENTIFIER = com.difomiry.SoundCloudPlayer;
				PRODUCT_NAME = "$(TARGET_NAME)";
				SWIFT_VERSION = 4.2;
				TARGETED_DEVICE_FAMILY = "1,2";
			};
			name = Release;
		};
		84148C2B21F9F083003CD070 /* Debug */ = {
			isa = XCBuildConfiguration;
			buildSettings = {
				ALWAYS_EMBED_SWIFT_STANDARD_LIBRARIES = YES;
				BUNDLE_LOADER = "$(TEST_HOST)";
				CODE_SIGN_STYLE = Automatic;
				INFOPLIST_FILE = SoundCloudPlayerTests/Info.plist;
				LD_RUNPATH_SEARCH_PATHS = (
					"$(inherited)",
					"@executable_path/Frameworks",
					"@loader_path/Frameworks",
				);
				PRODUCT_BUNDLE_IDENTIFIER = com.difomiry.SoundCloudPlayerTests;
				PRODUCT_NAME = "$(TARGET_NAME)";
				SWIFT_VERSION = 4.2;
				TARGETED_DEVICE_FAMILY = "1,2";
				TEST_HOST = "$(BUILT_PRODUCTS_DIR)/SoundCloudPlayer.app/SoundCloudPlayer";
			};
			name = Debug;
		};
		84148C2C21F9F083003CD070 /* Release */ = {
			isa = XCBuildConfiguration;
			buildSettings = {
				ALWAYS_EMBED_SWIFT_STANDARD_LIBRARIES = YES;
				BUNDLE_LOADER = "$(TEST_HOST)";
				CODE_SIGN_STYLE = Automatic;
				INFOPLIST_FILE = SoundCloudPlayerTests/Info.plist;
				LD_RUNPATH_SEARCH_PATHS = (
					"$(inherited)",
					"@executable_path/Frameworks",
					"@loader_path/Frameworks",
				);
				PRODUCT_BUNDLE_IDENTIFIER = com.difomiry.SoundCloudPlayerTests;
				PRODUCT_NAME = "$(TARGET_NAME)";
				SWIFT_VERSION = 4.2;
				TARGETED_DEVICE_FAMILY = "1,2";
				TEST_HOST = "$(BUILT_PRODUCTS_DIR)/SoundCloudPlayer.app/SoundCloudPlayer";
			};
			name = Release;
		};
		84148C2E21F9F083003CD070 /* Debug */ = {
			isa = XCBuildConfiguration;
			buildSettings = {
				ALWAYS_EMBED_SWIFT_STANDARD_LIBRARIES = YES;
				CODE_SIGN_STYLE = Automatic;
				INFOPLIST_FILE = SoundCloudPlayerUITests/Info.plist;
				LD_RUNPATH_SEARCH_PATHS = (
					"$(inherited)",
					"@executable_path/Frameworks",
					"@loader_path/Frameworks",
				);
				PRODUCT_BUNDLE_IDENTIFIER = com.difomiry.SoundCloudPlayerUITests;
				PRODUCT_NAME = "$(TARGET_NAME)";
				SWIFT_VERSION = 4.2;
				TARGETED_DEVICE_FAMILY = "1,2";
				TEST_TARGET_NAME = SoundCloudPlayer;
			};
			name = Debug;
		};
		84148C2F21F9F083003CD070 /* Release */ = {
			isa = XCBuildConfiguration;
			buildSettings = {
				ALWAYS_EMBED_SWIFT_STANDARD_LIBRARIES = YES;
				CODE_SIGN_STYLE = Automatic;
				INFOPLIST_FILE = SoundCloudPlayerUITests/Info.plist;
				LD_RUNPATH_SEARCH_PATHS = (
					"$(inherited)",
					"@executable_path/Frameworks",
					"@loader_path/Frameworks",
				);
				PRODUCT_BUNDLE_IDENTIFIER = com.difomiry.SoundCloudPlayerUITests;
				PRODUCT_NAME = "$(TARGET_NAME)";
				SWIFT_VERSION = 4.2;
				TARGETED_DEVICE_FAMILY = "1,2";
				TEST_TARGET_NAME = SoundCloudPlayer;
			};
			name = Release;
		};
/* End XCBuildConfiguration section */

/* Begin XCConfigurationList section */
		84148BFA21F9F081003CD070 /* Build configuration list for PBXProject "SoundCloudPlayer" */ = {
			isa = XCConfigurationList;
			buildConfigurations = (
				84148C2521F9F083003CD070 /* Debug */,
				84148C2621F9F083003CD070 /* Release */,
			);
			defaultConfigurationIsVisible = 0;
			defaultConfigurationName = Release;
		};
		84148C2721F9F083003CD070 /* Build configuration list for PBXNativeTarget "SoundCloudPlayer" */ = {
			isa = XCConfigurationList;
			buildConfigurations = (
				84148C2821F9F083003CD070 /* Debug */,
				84148C2921F9F083003CD070 /* Release */,
			);
			defaultConfigurationIsVisible = 0;
			defaultConfigurationName = Release;
		};
		84148C2A21F9F083003CD070 /* Build configuration list for PBXNativeTarget "SoundCloudPlayerTests" */ = {
			isa = XCConfigurationList;
			buildConfigurations = (
				84148C2B21F9F083003CD070 /* Debug */,
				84148C2C21F9F083003CD070 /* Release */,
			);
			defaultConfigurationIsVisible = 0;
			defaultConfigurationName = Release;
		};
		84148C2D21F9F083003CD070 /* Build configuration list for PBXNativeTarget "SoundCloudPlayerUITests" */ = {
			isa = XCConfigurationList;
			buildConfigurations = (
				84148C2E21F9F083003CD070 /* Debug */,
				84148C2F21F9F083003CD070 /* Release */,
			);
			defaultConfigurationIsVisible = 0;
			defaultConfigurationName = Release;
		};
/* End XCConfigurationList section */
	};
	rootObject = 84148BF721F9F081003CD070 /* Project object */;
}
